<?xml version="1.0" encoding="utf-8"?>
<Project ToolsVersion="4.0" xmlns="http://schemas.microsoft.com/developer/msbuild/2003">
  <ItemGroup>
    <Filter Include="maxr">
      <UniqueIdentifier>{096b8a81-8ddc-4043-8757-77880baaedb9}</UniqueIdentifier>
    </Filter>
    <Filter Include="maxr\config">
      <UniqueIdentifier>{e2a5dfcc-7ced-4b58-bd2f-ae0dfed8fe82}</UniqueIdentifier>
    </Filter>
    <Filter Include="maxr\config\compiler">
      <UniqueIdentifier>{4ad983dd-39ee-4f33-81ff-f8126471b151}</UniqueIdentifier>
    </Filter>
    <Filter Include="maxr\config\stdlib">
      <UniqueIdentifier>{cc5d7b08-a7a9-460b-843e-56831229a429}</UniqueIdentifier>
    </Filter>
    <Filter Include="maxr\config\platform">
      <UniqueIdentifier>{26b45936-4646-4e02-b091-129ed5e22d09}</UniqueIdentifier>
    </Filter>
    <Filter Include="maxr\config\workaround">
      <UniqueIdentifier>{f0635592-aa60-4117-abc7-2c512f025b30}</UniqueIdentifier>
    </Filter>
    <Filter Include="maxr\events">
      <UniqueIdentifier>{ec9f5cff-4cd8-443f-a772-c8f1c7f6ad10}</UniqueIdentifier>
    </Filter>
    <Filter Include="maxr\utility">
      <UniqueIdentifier>{e4174fef-643a-4cbf-9174-bb1860ee9089}</UniqueIdentifier>
    </Filter>
    <Filter Include="maxr\input">
      <UniqueIdentifier>{2f24c8ce-0cd7-4c10-8bac-8b64c5fb610d}</UniqueIdentifier>
    </Filter>
    <Filter Include="maxr\input\keyboard">
      <UniqueIdentifier>{ef52d476-230a-4ba2-9502-36ac3fdc884d}</UniqueIdentifier>
    </Filter>
    <Filter Include="maxr\input\mouse">
      <UniqueIdentifier>{613c369d-3e90-4b44-8d44-c3d5298977d6}</UniqueIdentifier>
    </Filter>
    <Filter Include="maxr\utility\signal">
      <UniqueIdentifier>{14d5c2a2-7159-42b2-a505-b6e75c07fdea}</UniqueIdentifier>
    </Filter>
    <Filter Include="maxr\ui">
      <UniqueIdentifier>{983b573b-a08b-4213-af3b-4a2671bec366}</UniqueIdentifier>
    </Filter>
    <Filter Include="maxr\ui\graphical">
      <UniqueIdentifier>{f6569a56-fc58-4956-86ef-327916aa15f8}</UniqueIdentifier>
    </Filter>
    <Filter Include="maxr\ui\graphical\menu">
      <UniqueIdentifier>{a24e0f47-59ce-4e0e-95db-21bec3604d8e}</UniqueIdentifier>
    </Filter>
    <Filter Include="maxr\ui\graphical\game">
      <UniqueIdentifier>{fce3084e-5e68-41ad-9cc3-fbfd27cb8515}</UniqueIdentifier>
    </Filter>
    <Filter Include="maxr\ui\graphical\menu\widgets">
      <UniqueIdentifier>{e6411adf-2e33-460c-96b5-33e1b26ab7ed}</UniqueIdentifier>
    </Filter>
    <Filter Include="maxr\ui\graphical\menu\dialogs">
      <UniqueIdentifier>{9c32b345-d567-45d5-9472-b4ebd77f3ea2}</UniqueIdentifier>
    </Filter>
    <Filter Include="maxr\ui\graphical\menu\widgets\tools">
      <UniqueIdentifier>{0af3ff46-c297-428a-b77d-677740ba658c}</UniqueIdentifier>
    </Filter>
    <Filter Include="maxr\ui\graphical\menu\widgets\special">
      <UniqueIdentifier>{132eb6a8-8c32-49f8-82bf-7d4cb6b5550f}</UniqueIdentifier>
    </Filter>
    <Filter Include="maxr\ui\graphical\menu\windows">
      <UniqueIdentifier>{90f0727b-de99-4c75-8897-26844890d1fa}</UniqueIdentifier>
    </Filter>
    <Filter Include="maxr\ui\graphical\menu\windows\windowgamesettings">
      <UniqueIdentifier>{3e27b1b3-d8a9-48e2-b823-be7d2fa6230b}</UniqueIdentifier>
    </Filter>
    <Filter Include="maxr\ui\graphical\menu\windows\windowmapselection">
      <UniqueIdentifier>{2eb947bf-9d96-4754-9b35-9385362a8c14}</UniqueIdentifier>
    </Filter>
    <Filter Include="maxr\ui\graphical\menu\windows\windowclanselection">
      <UniqueIdentifier>{3ffb3a58-d4b2-45ce-864e-14c7041fe47b}</UniqueIdentifier>
    </Filter>
    <Filter Include="maxr\ui\graphical\menu\windows\windowlandingunitselection">
      <UniqueIdentifier>{848684ec-21ba-42c9-8730-aa022dde754a}</UniqueIdentifier>
    </Filter>
    <Filter Include="maxr\ui\graphical\menu\windows\windowhangar">
      <UniqueIdentifier>{3141425a-0537-4c48-9203-a8341d54432d}</UniqueIdentifier>
    </Filter>
    <Filter Include="maxr\ui\graphical\menu\windows\windowadvancedhangar">
      <UniqueIdentifier>{bdad35de-838b-47aa-ade3-d9ad76718dbc}</UniqueIdentifier>
    </Filter>
    <Filter Include="maxr\ui\graphical\menu\windows\windowlandingpositionselection">
      <UniqueIdentifier>{81968bab-e0c0-46c4-bf40-c4f7c305d727}</UniqueIdentifier>
    </Filter>
    <Filter Include="maxr\game">
      <UniqueIdentifier>{fb564d5b-2883-4816-904b-62e191bf3d05}</UniqueIdentifier>
    </Filter>
    <Filter Include="maxr\ui\graphical\game\temp">
      <UniqueIdentifier>{659040a4-b4fb-4209-bf4c-2886254f07ba}</UniqueIdentifier>
    </Filter>
    <Filter Include="maxr\ui\graphical\game\widgets">
      <UniqueIdentifier>{8d163996-349e-421d-8cea-301c55c4e652}</UniqueIdentifier>
    </Filter>
    <Filter Include="maxr\ui\graphical\menu\windows\windowunitinfo">
      <UniqueIdentifier>{751db915-1e01-4ea4-b33b-fbfb159e0644}</UniqueIdentifier>
    </Filter>
    <Filter Include="maxr\ui\graphical\menu\windows\windowupgrades">
      <UniqueIdentifier>{8ccca121-ee8e-494e-99e3-536a773022da}</UniqueIdentifier>
    </Filter>
    <Filter Include="maxr\ui\graphical\menu\windows\windowbuildbuildings">
      <UniqueIdentifier>{6a46fa24-5df0-4ff2-9dce-82beae000a12}</UniqueIdentifier>
    </Filter>
    <Filter Include="maxr\ui\graphical\menu\windows\windowbuildvehicles">
      <UniqueIdentifier>{ff0b1889-5e34-4eae-97a2-960dbdfee030}</UniqueIdentifier>
    </Filter>
    <Filter Include="maxr\input\mouse\cursor">
      <UniqueIdentifier>{a578556a-932c-4fb1-896a-8dbbd511927c}</UniqueIdentifier>
    </Filter>
    <Filter Include="maxr\ui\graphical\game\widgets\mousemode">
      <UniqueIdentifier>{c9549bcf-7a71-4419-a43c-1adad17b9338}</UniqueIdentifier>
    </Filter>
    <Filter Include="maxr\ui\graphical\game\widgets\mouseaction">
      <UniqueIdentifier>{cac0339e-0ab4-4ba4-894a-66a409497baf}</UniqueIdentifier>
    </Filter>
    <Filter Include="maxr\ui\graphical\menu\windows\windowstorage">
      <UniqueIdentifier>{72dbc550-ed08-44f1-89c4-3e0082a2f54e}</UniqueIdentifier>
    </Filter>
    <Filter Include="maxr\ui\graphical\menu\windows\windowresourcedistribution">
      <UniqueIdentifier>{977875b6-a195-4184-82b4-fb2efe13509d}</UniqueIdentifier>
    </Filter>
    <Filter Include="maxr\ui\graphical\menu\windows\windowload">
      <UniqueIdentifier>{33afc04a-1d3b-4a59-8bc3-20409f27606b}</UniqueIdentifier>
    </Filter>
    <Filter Include="maxr\ui\graphical\menu\windows\windowloadsave">
      <UniqueIdentifier>{4336d02d-b1fd-42f7-ab63-f6d6d0979321}</UniqueIdentifier>
    </Filter>
    <Filter Include="maxr\ui\graphical\menu\windows\windownetworklobby">
      <UniqueIdentifier>{fefb8aef-da63-4b77-9dfb-5238407c78a0}</UniqueIdentifier>
    </Filter>
    <Filter Include="maxr\ui\graphical\menu\windows\windownetworklobbyclient">
      <UniqueIdentifier>{562a4c51-75b9-4950-a248-f21c00f0c908}</UniqueIdentifier>
    </Filter>
    <Filter Include="maxr\ui\graphical\menu\windows\windownetworklobbyhost">
      <UniqueIdentifier>{416362b4-b3ff-4cac-850a-2f57bfcf2755}</UniqueIdentifier>
    </Filter>
    <Filter Include="maxr\game\local">
      <UniqueIdentifier>{1a9ca861-0e91-4994-90b1-e3594a59184c}</UniqueIdentifier>
    </Filter>
    <Filter Include="maxr\game\network">
      <UniqueIdentifier>{44a49d4c-ca9d-4169-ac5f-0ac37b171c2b}</UniqueIdentifier>
    </Filter>
    <Filter Include="maxr\game\local\singleplayer">
      <UniqueIdentifier>{d8969f77-39bd-4e7c-8a92-482241b3f117}</UniqueIdentifier>
    </Filter>
    <Filter Include="maxr\game\local\hotseat">
      <UniqueIdentifier>{3ad7e2e3-fb1c-4cde-b67e-8f4f16233ac5}</UniqueIdentifier>
    </Filter>
    <Filter Include="maxr\game\network\host">
      <UniqueIdentifier>{f3293f3c-b639-43a6-8f86-e084515b9cb4}</UniqueIdentifier>
    </Filter>
    <Filter Include="maxr\game\network\client">
      <UniqueIdentifier>{8b53c846-f4fb-475d-9b39-90722310cde3}</UniqueIdentifier>
    </Filter>
    <Filter Include="maxr\game\logic">
      <UniqueIdentifier>{de955a25-911a-4bf4-8806-3070541ddccc}</UniqueIdentifier>
    </Filter>
    <Filter Include="maxr\ui\graphical\control">
      <UniqueIdentifier>{a06463be-4a3e-43fe-9845-e2dac75d8ef7}</UniqueIdentifier>
    </Filter>
    <Filter Include="maxr\utility\signal\novariadic">
      <UniqueIdentifier>{fc3abc47-5274-4f10-ae7e-2f6b1d571334}</UniqueIdentifier>
    </Filter>
    <Filter Include="maxr\game\data">
      <UniqueIdentifier>{990cfa0f-55c5-4943-adfb-87f25d97e53a}</UniqueIdentifier>
    </Filter>
    <Filter Include="maxr\game\data\report">
      <UniqueIdentifier>{660b37ed-c6e7-4f84-850a-cf0da7314506}</UniqueIdentifier>
    </Filter>
    <Filter Include="maxr\ui\graphical\menu\windows\windowreports">
      <UniqueIdentifier>{e94a20c1-df37-46e0-bdcc-dbd75ef342fc}</UniqueIdentifier>
    </Filter>
    <Filter Include="maxr\utility\string">
      <UniqueIdentifier>{6d7d2da6-3fd5-4448-ad70-f2d3b7d49603}</UniqueIdentifier>
    </Filter>
    <Filter Include="maxr\output">
      <UniqueIdentifier>{c78f811b-350f-45b3-873f-5be36493fd9f}</UniqueIdentifier>
    </Filter>
    <Filter Include="maxr\output\sound">
      <UniqueIdentifier>{f4f0949f-4133-4f67-ab8c-031b5b5833ec}</UniqueIdentifier>
    </Filter>
    <Filter Include="maxr\ui\sound">
      <UniqueIdentifier>{2ff00b55-1cbb-4f60-b6b0-d9753931c22d}</UniqueIdentifier>
    </Filter>
    <Filter Include="maxr\ui\sound\effects">
      <UniqueIdentifier>{b8d6316d-d682-4ec8-9a03-551821a1dc86}</UniqueIdentifier>
    </Filter>
  </ItemGroup>
  <ItemGroup>
    <ClCompile Include="..\..\attackJobs.cpp">
      <Filter>maxr</Filter>
    </ClCompile>
    <ClCompile Include="..\..\automjobs.cpp">
      <Filter>maxr</Filter>
    </ClCompile>
    <ClCompile Include="..\..\base.cpp">
      <Filter>maxr</Filter>
    </ClCompile>
    <ClCompile Include="..\..\buildings.cpp">
      <Filter>maxr</Filter>
    </ClCompile>
    <ClCompile Include="..\..\casualtiestracker.cpp">
      <Filter>maxr</Filter>
    </ClCompile>
    <ClCompile Include="..\..\clans.cpp">
      <Filter>maxr</Filter>
    </ClCompile>
    <ClCompile Include="..\..\client.cpp">
      <Filter>maxr</Filter>
    </ClCompile>
    <ClCompile Include="..\..\clientevents.cpp">
      <Filter>maxr</Filter>
    </ClCompile>
    <ClCompile Include="..\..\dedicatedserver.cpp">
      <Filter>maxr</Filter>
    </ClCompile>
    <ClCompile Include="..\..\drawingcache.cpp">
      <Filter>maxr</Filter>
    </ClCompile>
    <ClCompile Include="..\..\extendedtinyxml.cpp">
      <Filter>maxr</Filter>
    </ClCompile>
    <ClCompile Include="..\..\files.cpp">
      <Filter>maxr</Filter>
    </ClCompile>
    <ClCompile Include="..\..\fxeffects.cpp">
      <Filter>maxr</Filter>
    </ClCompile>
    <ClCompile Include="..\..\gametimer.cpp">
      <Filter>maxr</Filter>
    </ClCompile>
    <ClCompile Include="..\..\jobs.cpp">
      <Filter>maxr</Filter>
    </ClCompile>
    <ClCompile Include="..\..\keys.cpp">
      <Filter>maxr</Filter>
    </ClCompile>
    <ClCompile Include="..\..\language.cpp">
      <Filter>maxr</Filter>
    </ClCompile>
    <ClCompile Include="..\..\loaddata.cpp">
      <Filter>maxr</Filter>
    </ClCompile>
    <ClCompile Include="..\..\log.cpp">
      <Filter>maxr</Filter>
    </ClCompile>
    <ClCompile Include="..\..\main.cpp">
      <Filter>maxr</Filter>
    </ClCompile>
    <ClCompile Include="..\..\map.cpp">
      <Filter>maxr</Filter>
    </ClCompile>
    <ClCompile Include="..\..\mapdownload.cpp">
      <Filter>maxr</Filter>
    </ClCompile>
    <ClCompile Include="..\..\menuevents.cpp">
      <Filter>maxr</Filter>
    </ClCompile>
    <ClCompile Include="..\..\movejobs.cpp">
      <Filter>maxr</Filter>
    </ClCompile>
    <ClCompile Include="..\..\mveplayer.cpp">
      <Filter>maxr</Filter>
    </ClCompile>
    <ClCompile Include="..\..\netmessage.cpp">
      <Filter>maxr</Filter>
    </ClCompile>
    <ClCompile Include="..\..\network.cpp">
      <Filter>maxr</Filter>
    </ClCompile>
    <ClCompile Include="..\..\notifications.cpp">
      <Filter>maxr</Filter>
    </ClCompile>
    <ClCompile Include="..\..\pcx.cpp">
      <Filter>maxr</Filter>
    </ClCompile>
    <ClCompile Include="..\..\player.cpp">
      <Filter>maxr</Filter>
    </ClCompile>
    <ClCompile Include="..\..\savegame.cpp">
      <Filter>maxr</Filter>
    </ClCompile>
    <ClCompile Include="..\..\server.cpp">
      <Filter>maxr</Filter>
    </ClCompile>
    <ClCompile Include="..\..\serverevents.cpp">
      <Filter>maxr</Filter>
    </ClCompile>
    <ClCompile Include="..\..\servergame.cpp">
      <Filter>maxr</Filter>
    </ClCompile>
    <ClCompile Include="..\..\settings.cpp">
      <Filter>maxr</Filter>
    </ClCompile>
    <ClCompile Include="..\..\tinyxml2.cpp">
      <Filter>maxr</Filter>
    </ClCompile>
    <ClCompile Include="..\..\unifonts.cpp">
      <Filter>maxr</Filter>
    </ClCompile>
    <ClCompile Include="..\..\unit.cpp">
      <Filter>maxr</Filter>
    </ClCompile>
    <ClCompile Include="..\..\upgradecalculator.cpp">
      <Filter>maxr</Filter>
    </ClCompile>
    <ClCompile Include="..\..\vehicles.cpp">
      <Filter>maxr</Filter>
    </ClCompile>
    <ClCompile Include="..\..\video.cpp">
      <Filter>maxr</Filter>
    </ClCompile>
    <ClCompile Include="..\..\SDL_flic.c">
      <Filter>maxr</Filter>
    </ClCompile>
    <ClCompile Include="..\..\events\eventmanager.cpp">
      <Filter>maxr\events</Filter>
    </ClCompile>
    <ClCompile Include="..\..\input\mouse\mouse.cpp">
      <Filter>maxr\input\mouse</Filter>
    </ClCompile>
    <ClCompile Include="..\..\events\mouseevents.cpp">
      <Filter>maxr\events</Filter>
    </ClCompile>
    <ClCompile Include="..\..\events\keyboardevents.cpp">
      <Filter>maxr\events</Filter>
    </ClCompile>
    <ClCompile Include="..\..\input\keyboard\keyboard.cpp">
      <Filter>maxr\input\keyboard</Filter>
    </ClCompile>
    <ClCompile Include="..\..\utility\signal\signalconnection.cpp">
      <Filter>maxr\utility\signal</Filter>
    </ClCompile>
    <ClCompile Include="..\..\utility\signal\signalconnectionmanager.cpp">
      <Filter>maxr\utility\signal</Filter>
    </ClCompile>
    <ClCompile Include="..\..\ui\graphical\widget.cpp">
      <Filter>maxr\ui\graphical</Filter>
    </ClCompile>
    <ClCompile Include="..\..\ui\graphical\application.cpp">
      <Filter>maxr\ui\graphical</Filter>
    </ClCompile>
    <ClCompile Include="..\..\ui\graphical\window.cpp">
      <Filter>maxr\ui\graphical</Filter>
    </ClCompile>
    <ClCompile Include="..\..\ui\graphical\menu\windows\windowmain.cpp">
      <Filter>maxr\ui\graphical\menu\windows</Filter>
    </ClCompile>
    <ClCompile Include="..\..\ui\graphical\menu\windows\windowmultiplayer.cpp">
      <Filter>maxr\ui\graphical\menu\windows</Filter>
    </ClCompile>
    <ClCompile Include="..\..\ui\graphical\menu\windows\windowsingleplayer.cpp">
      <Filter>maxr\ui\graphical\menu\windows</Filter>
    </ClCompile>
    <ClCompile Include="..\..\ui\graphical\menu\windows\windowstart.cpp">
      <Filter>maxr\ui\graphical\menu\windows</Filter>
    </ClCompile>
    <ClCompile Include="..\..\ui\graphical\menu\dialogs\dialogok.cpp">
      <Filter>maxr\ui\graphical\menu\dialogs</Filter>
    </ClCompile>
    <ClCompile Include="..\..\ui\graphical\menu\dialogs\dialogpreferences.cpp">
      <Filter>maxr\ui\graphical\menu\dialogs</Filter>
    </ClCompile>
    <ClCompile Include="..\..\ui\graphical\menu\dialogs\dialogyesno.cpp">
      <Filter>maxr\ui\graphical\menu\dialogs</Filter>
    </ClCompile>
    <ClCompile Include="..\..\ui\graphical\menu\widgets\checkbox.cpp">
      <Filter>maxr\ui\graphical\menu\widgets</Filter>
    </ClCompile>
    <ClCompile Include="..\..\ui\graphical\menu\widgets\clickablewidget.cpp">
      <Filter>maxr\ui\graphical\menu\widgets</Filter>
    </ClCompile>
    <ClCompile Include="..\..\ui\graphical\menu\widgets\image.cpp">
      <Filter>maxr\ui\graphical\menu\widgets</Filter>
    </ClCompile>
    <ClCompile Include="..\..\ui\graphical\menu\widgets\label.cpp">
      <Filter>maxr\ui\graphical\menu\widgets</Filter>
    </ClCompile>
    <ClCompile Include="..\..\ui\graphical\menu\widgets\lineedit.cpp">
      <Filter>maxr\ui\graphical\menu\widgets</Filter>
    </ClCompile>
    <ClCompile Include="..\..\ui\graphical\menu\widgets\pushbutton.cpp">
      <Filter>maxr\ui\graphical\menu\widgets</Filter>
    </ClCompile>
    <ClCompile Include="..\..\ui\graphical\menu\widgets\radiogroup.cpp">
      <Filter>maxr\ui\graphical\menu\widgets</Filter>
    </ClCompile>
    <ClCompile Include="..\..\ui\graphical\menu\widgets\slider.cpp">
      <Filter>maxr\ui\graphical\menu\widgets</Filter>
    </ClCompile>
    <ClCompile Include="..\..\ui\graphical\menu\widgets\sliderhandle.cpp">
      <Filter>maxr\ui\graphical\menu\widgets</Filter>
    </ClCompile>
    <ClCompile Include="..\..\ui\graphical\menu\widgets\tools\validatorint.cpp">
      <Filter>maxr\ui\graphical\menu\widgets\tools</Filter>
    </ClCompile>
    <ClCompile Include="..\..\ui\graphical\menu\windows\windowgamesettings\windowgamesettings.cpp">
      <Filter>maxr\ui\graphical\menu\windows\windowgamesettings</Filter>
    </ClCompile>
    <ClCompile Include="..\..\ui\graphical\menu\windows\windowgamesettings\gamesettings.cpp">
      <Filter>maxr\ui\graphical\menu\windows\windowgamesettings</Filter>
    </ClCompile>
    <ClCompile Include="..\..\ui\graphical\menu\windows\windowmapselection\windowmapselection.cpp">
      <Filter>maxr\ui\graphical\menu\windows\windowmapselection</Filter>
    </ClCompile>
    <ClCompile Include="..\..\ui\graphical\menu\windows\windowlandingunitselection\windowlandingunitselection.cpp">
      <Filter>maxr\ui\graphical\menu\windows\windowlandingunitselection</Filter>
    </ClCompile>
    <ClCompile Include="..\..\ui\graphical\menu\windows\windowclanselection\windowclanselection.cpp">
      <Filter>maxr\ui\graphical\menu\windows\windowclanselection</Filter>
    </ClCompile>
    <ClCompile Include="..\..\ui\graphical\menu\windows\windowhangar\windowhangar.cpp">
      <Filter>maxr\ui\graphical\menu\windows\windowhangar</Filter>
    </ClCompile>
    <ClCompile Include="..\..\ui\graphical\menu\widgets\scrollbar.cpp">
      <Filter>maxr\ui\graphical\menu\widgets</Filter>
    </ClCompile>
    <ClCompile Include="..\..\ui\graphical\menu\widgets\abstractlistviewitem.cpp">
      <Filter>maxr\ui\graphical\menu\widgets</Filter>
    </ClCompile>
    <ClCompile Include="..\..\ui\graphical\menu\widgets\special\resourcebar.cpp">
      <Filter>maxr\ui\graphical\menu\widgets\special</Filter>
    </ClCompile>
    <ClCompile Include="..\..\ui\graphical\menu\widgets\special\unitdetails.cpp">
      <Filter>maxr\ui\graphical\menu\widgets\special</Filter>
    </ClCompile>
    <ClCompile Include="..\..\ui\graphical\menu\widgets\special\unitlistviewitem.cpp">
      <Filter>maxr\ui\graphical\menu\widgets\special</Filter>
    </ClCompile>
    <ClCompile Include="..\..\ui\graphical\menu\widgets\special\unitlistviewitembuy.cpp">
      <Filter>maxr\ui\graphical\menu\widgets\special</Filter>
    </ClCompile>
    <ClCompile Include="..\..\ui\graphical\menu\widgets\special\unitlistviewitemcargo.cpp">
      <Filter>maxr\ui\graphical\menu\widgets\special</Filter>
    </ClCompile>
    <ClCompile Include="..\..\ui\graphical\menu\windows\windowlandingpositionselection\windowlandingpositionselection.cpp">
      <Filter>maxr\ui\graphical\menu\windows\windowlandingpositionselection</Filter>
    </ClCompile>
    <ClCompile Include="..\..\ui\graphical\menu\widgets\special\landingpositionselectionmap.cpp">
      <Filter>maxr\ui\graphical\menu\widgets\special</Filter>
    </ClCompile>
    <ClCompile Include="..\..\ui\graphical\game\gamegui.cpp">
      <Filter>maxr\ui\graphical\game</Filter>
    </ClCompile>
    <ClCompile Include="..\..\ui\graphical\game\temp\animationtimer.cpp">
      <Filter>maxr\ui\graphical\game\temp</Filter>
    </ClCompile>
    <ClCompile Include="..\..\ui\graphical\game\temp\unitdrawingengine.cpp">
      <Filter>maxr\ui\graphical\game\temp</Filter>
    </ClCompile>
    <ClCompile Include="..\..\ui\graphical\game\unitselection.cpp">
      <Filter>maxr\ui\graphical\game</Filter>
    </ClCompile>
    <ClCompile Include="..\..\ui\graphical\game\widgets\gamemapwidget.cpp">
      <Filter>maxr\ui\graphical\game\widgets</Filter>
    </ClCompile>
    <ClCompile Include="..\..\ui\graphical\game\widgets\minimapwidget.cpp">
      <Filter>maxr\ui\graphical\game\widgets</Filter>
    </ClCompile>
    <ClCompile Include="..\..\ui\graphical\game\widgets\unitcontextmenuwidget.cpp">
      <Filter>maxr\ui\graphical\game\widgets</Filter>
    </ClCompile>
    <ClCompile Include="..\..\ui\graphical\game\widgets\unitvideowidget.cpp">
      <Filter>maxr\ui\graphical\game\widgets</Filter>
    </ClCompile>
    <ClCompile Include="..\..\ui\graphical\game\widgets\unitdetailshud.cpp">
      <Filter>maxr\ui\graphical\game\widgets</Filter>
    </ClCompile>
    <ClCompile Include="..\..\ui\graphical\game\unitselectionbox.cpp">
      <Filter>maxr\ui\graphical\game</Filter>
    </ClCompile>
    <ClCompile Include="..\..\ui\graphical\game\widgets\gamemessagelistview.cpp">
      <Filter>maxr\ui\graphical\game\widgets</Filter>
    </ClCompile>
    <ClCompile Include="..\..\ui\graphical\game\widgets\gamemessagelistviewitem.cpp">
      <Filter>maxr\ui\graphical\game\widgets</Filter>
    </ClCompile>
    <ClCompile Include="..\..\ui\graphical\game\widgets\unitrenamewidget.cpp">
      <Filter>maxr\ui\graphical\game\widgets</Filter>
    </ClCompile>
    <ClCompile Include="..\..\ui\graphical\menu\dialogs\dialogtransfer.cpp">
      <Filter>maxr\ui\graphical\menu\dialogs</Filter>
    </ClCompile>
    <ClCompile Include="..\..\ui\graphical\menu\windows\windowunitinfo\windowunitinfo.cpp">
      <Filter>maxr\ui\graphical\menu\windows\windowunitinfo</Filter>
    </ClCompile>
    <ClCompile Include="..\..\ui\graphical\menu\windows\windowupgrades\windowupgrades.cpp">
      <Filter>maxr\ui\graphical\menu\windows\windowupgrades</Filter>
    </ClCompile>
    <ClCompile Include="..\..\ui\graphical\menu\windows\windowbuildbuildings\windowbuildbuildings.cpp">
      <Filter>maxr\ui\graphical\menu\windows\windowbuildbuildings</Filter>
    </ClCompile>
    <ClCompile Include="..\..\ui\graphical\menu\windows\windowbuildvehicles\windowbuildvehicles.cpp">
      <Filter>maxr\ui\graphical\menu\windows\windowbuildvehicles</Filter>
    </ClCompile>
    <ClCompile Include="..\..\ui\graphical\menu\dialogs\dialogresearch.cpp">
      <Filter>maxr\ui\graphical\menu\dialogs</Filter>
    </ClCompile>
    <ClCompile Include="..\..\ui\graphical\menu\widgets\special\buildspeedhandlerwidget.cpp">
      <Filter>maxr\ui\graphical\menu\widgets\special</Filter>
    </ClCompile>
    <ClCompile Include="..\..\ui\graphical\menu\widgets\special\unitlistviewitembuild.cpp">
      <Filter>maxr\ui\graphical\menu\widgets\special</Filter>
    </ClCompile>
    <ClCompile Include="..\..\input\mouse\cursor\mousecursorattack.cpp">
      <Filter>maxr\input\mouse\cursor</Filter>
    </ClCompile>
    <ClCompile Include="..\..\input\mouse\cursor\mousecursorsimple.cpp">
      <Filter>maxr\input\mouse\cursor</Filter>
    </ClCompile>
    <ClCompile Include="..\..\input\mouse\cursor\mousecursoramount.cpp">
      <Filter>maxr\input\mouse\cursor</Filter>
    </ClCompile>
    <ClCompile Include="..\..\ui\graphical\game\widgets\mousemode\mousemodetransfer.cpp">
      <Filter>maxr\ui\graphical\game\widgets\mousemode</Filter>
    </ClCompile>
    <ClCompile Include="..\..\ui\graphical\game\widgets\mousemode\mousemodeattack.cpp">
      <Filter>maxr\ui\graphical\game\widgets\mousemode</Filter>
    </ClCompile>
    <ClCompile Include="..\..\ui\graphical\game\widgets\mousemode\mousemodedisable.cpp">
      <Filter>maxr\ui\graphical\game\widgets\mousemode</Filter>
    </ClCompile>
    <ClCompile Include="..\..\ui\graphical\game\widgets\mousemode\mousemodehelp.cpp">
      <Filter>maxr\ui\graphical\game\widgets\mousemode</Filter>
    </ClCompile>
    <ClCompile Include="..\..\ui\graphical\game\widgets\mousemode\mousemodeload.cpp">
      <Filter>maxr\ui\graphical\game\widgets\mousemode</Filter>
    </ClCompile>
    <ClCompile Include="..\..\ui\graphical\game\widgets\mousemode\mousemoderepair.cpp">
      <Filter>maxr\ui\graphical\game\widgets\mousemode</Filter>
    </ClCompile>
    <ClCompile Include="..\..\ui\graphical\game\widgets\mousemode\mousemodeselectbuildpathdestination.cpp">
      <Filter>maxr\ui\graphical\game\widgets\mousemode</Filter>
    </ClCompile>
    <ClCompile Include="..\..\ui\graphical\game\widgets\mousemode\mousemodeselectbuildposition.cpp">
      <Filter>maxr\ui\graphical\game\widgets\mousemode</Filter>
    </ClCompile>
    <ClCompile Include="..\..\ui\graphical\game\widgets\mousemode\mousemodesteal.cpp">
      <Filter>maxr\ui\graphical\game\widgets\mousemode</Filter>
    </ClCompile>
    <ClCompile Include="..\..\ui\graphical\game\widgets\mousemode\mousemodesupplyammo.cpp">
      <Filter>maxr\ui\graphical\game\widgets\mousemode</Filter>
    </ClCompile>
    <ClCompile Include="..\..\ui\graphical\game\widgets\mousemode\mousemodeactivateloaded.cpp">
      <Filter>maxr\ui\graphical\game\widgets\mousemode</Filter>
    </ClCompile>
    <ClCompile Include="..\..\ui\graphical\game\widgets\mouseaction\mouseactionactivatefinished.cpp">
      <Filter>maxr\ui\graphical\game\widgets\mouseaction</Filter>
    </ClCompile>
    <ClCompile Include="..\..\ui\graphical\game\widgets\mouseaction\mouseactionload.cpp">
      <Filter>maxr\ui\graphical\game\widgets\mouseaction</Filter>
    </ClCompile>
    <ClCompile Include="..\..\ui\graphical\game\widgets\mouseaction\mouseactionactivateloaded.cpp">
      <Filter>maxr\ui\graphical\game\widgets\mouseaction</Filter>
    </ClCompile>
    <ClCompile Include="..\..\ui\graphical\game\widgets\mouseaction\mouseactionattack.cpp">
      <Filter>maxr\ui\graphical\game\widgets\mouseaction</Filter>
    </ClCompile>
    <ClCompile Include="..\..\ui\graphical\game\widgets\mouseaction\mouseactiondisable.cpp">
      <Filter>maxr\ui\graphical\game\widgets\mouseaction</Filter>
    </ClCompile>
    <ClCompile Include="..\..\ui\graphical\game\widgets\mouseaction\mouseactionhelp.cpp">
      <Filter>maxr\ui\graphical\game\widgets\mouseaction</Filter>
    </ClCompile>
    <ClCompile Include="..\..\ui\graphical\game\widgets\mouseaction\mouseactionmove.cpp">
      <Filter>maxr\ui\graphical\game\widgets\mouseaction</Filter>
    </ClCompile>
    <ClCompile Include="..\..\ui\graphical\game\widgets\mouseaction\mouseactionrepair.cpp">
      <Filter>maxr\ui\graphical\game\widgets\mouseaction</Filter>
    </ClCompile>
    <ClCompile Include="..\..\ui\graphical\game\widgets\mouseaction\mouseactionselect.cpp">
      <Filter>maxr\ui\graphical\game\widgets\mouseaction</Filter>
    </ClCompile>
    <ClCompile Include="..\..\ui\graphical\game\widgets\mouseaction\mouseactionselectbuildpathdestination.cpp">
      <Filter>maxr\ui\graphical\game\widgets\mouseaction</Filter>
    </ClCompile>
    <ClCompile Include="..\..\ui\graphical\game\widgets\mouseaction\mouseactionselectbuildposition.cpp">
      <Filter>maxr\ui\graphical\game\widgets\mouseaction</Filter>
    </ClCompile>
    <ClCompile Include="..\..\ui\graphical\game\widgets\mouseaction\mouseactionsteal.cpp">
      <Filter>maxr\ui\graphical\game\widgets\mouseaction</Filter>
    </ClCompile>
    <ClCompile Include="..\..\ui\graphical\game\widgets\mouseaction\mouseactiontransfer.cpp">
      <Filter>maxr\ui\graphical\game\widgets\mouseaction</Filter>
    </ClCompile>
    <ClCompile Include="..\..\ui\graphical\game\widgets\mouseaction\mouseactionsupplyammo.cpp">
      <Filter>maxr\ui\graphical\game\widgets\mouseaction</Filter>
    </ClCompile>
    <ClCompile Include="..\..\ui\graphical\game\widgets\mousemode\mousemodedefault.cpp">
      <Filter>maxr\ui\graphical\game\widgets\mousemode</Filter>
    </ClCompile>
    <ClCompile Include="..\..\ui\graphical\menu\windows\windowstorage\windowstorage.cpp">
      <Filter>maxr\ui\graphical\menu\windows\windowstorage</Filter>
    </ClCompile>
    <ClCompile Include="..\..\ui\graphical\menu\windows\windowreports\windowreports.cpp">
      <Filter>maxr\ui\graphical\menu\windows\windowreports</Filter>
    </ClCompile>
    <ClCompile Include="..\..\ui\graphical\menu\windows\windowresourcedistribution\windowresourcedistribution.cpp">
      <Filter>maxr\ui\graphical\menu\windows\windowresourcedistribution</Filter>
    </ClCompile>
    <ClCompile Include="..\..\unitdata.cpp">
      <Filter>maxr</Filter>
    </ClCompile>
    <ClCompile Include="..\..\ui\graphical\game\widgets\unitdetailsstored.cpp">
      <Filter>maxr\ui\graphical\game\widgets</Filter>
    </ClCompile>
    <ClCompile Include="..\..\ui\graphical\game\widgets\hudpanels.cpp">
      <Filter>maxr\ui\graphical\game\widgets</Filter>
    </ClCompile>
    <ClCompile Include="..\..\ui\graphical\menu\windows\windowload\windowload.cpp">
      <Filter>maxr\ui\graphical\menu\windows\windowload</Filter>
    </ClCompile>
    <ClCompile Include="..\..\ui\graphical\menu\windows\windowloadsave\windowloadsave.cpp">
      <Filter>maxr\ui\graphical\menu\windows\windowloadsave</Filter>
    </ClCompile>
    <ClCompile Include="..\..\ui\graphical\menu\widgets\special\saveslotwidget.cpp">
      <Filter>maxr\ui\graphical\menu\widgets\special</Filter>
    </ClCompile>
    <ClCompile Include="..\..\ui\graphical\menu\windows\windowload\savegamedata.cpp">
      <Filter>maxr\ui\graphical\menu\windows\windowload</Filter>
    </ClCompile>
    <ClCompile Include="..\..\utility\version.cpp">
      <Filter>maxr\utility</Filter>
    </ClCompile>
    <ClCompile Include="..\..\ui\graphical\game\hud.cpp">
      <Filter>maxr\ui\graphical\game</Filter>
    </ClCompile>
    <ClCompile Include="..\..\ui\graphical\menu\windows\windownetworklobby\windownetworklobby.cpp">
      <Filter>maxr\ui\graphical\menu\windows\windownetworklobby</Filter>
    </ClCompile>
    <ClCompile Include="..\..\ui\graphical\menu\windows\windownetworklobbyclient\windownetworklobbyclient.cpp">
      <Filter>maxr\ui\graphical\menu\windows\windownetworklobbyclient</Filter>
    </ClCompile>
    <ClCompile Include="..\..\ui\graphical\menu\windows\windownetworklobbyhost\windownetworklobbyhost.cpp">
      <Filter>maxr\ui\graphical\menu\windows\windownetworklobbyhost</Filter>
    </ClCompile>
    <ClCompile Include="..\..\ui\graphical\menu\widgets\special\lobbyplayerlistviewitem.cpp">
      <Filter>maxr\ui\graphical\menu\widgets\special</Filter>
    </ClCompile>
    <ClCompile Include="..\..\ui\graphical\menu\widgets\special\lobbychatboxlistviewitem.cpp">
      <Filter>maxr\ui\graphical\menu\widgets\special</Filter>
    </ClCompile>
    <ClCompile Include="..\..\game\local\singleplayer\localsingleplayergame.cpp">
      <Filter>maxr\game\local\singleplayer</Filter>
    </ClCompile>
    <ClCompile Include="..\..\game\local\singleplayer\localsingleplayergamenew.cpp">
      <Filter>maxr\game\local\singleplayer</Filter>
    </ClCompile>
    <ClCompile Include="..\..\game\local\singleplayer\localsingleplayergamesaved.cpp">
      <Filter>maxr\game\local\singleplayer</Filter>
    </ClCompile>
    <ClCompile Include="..\..\game\network\host\networkhostgame.cpp">
      <Filter>maxr\game\network\host</Filter>
    </ClCompile>
    <ClCompile Include="..\..\game\network\host\networkhostgamenew.cpp">
      <Filter>maxr\game\network\host</Filter>
    </ClCompile>
    <ClCompile Include="..\..\game\network\host\networkhostgamesaved.cpp">
      <Filter>maxr\game\network\host</Filter>
    </ClCompile>
    <ClCompile Include="..\..\game\logic\landingpositionmanager.cpp">
      <Filter>maxr\game\logic</Filter>
    </ClCompile>
    <ClCompile Include="..\..\ui\graphical\control\menucontrollermultiplayerhost.cpp">
      <Filter>maxr\ui\graphical\control</Filter>
    </ClCompile>
    <ClCompile Include="..\..\ui\graphical\control\menucontrollermultiplayerclient.cpp">
      <Filter>maxr\ui\graphical\control</Filter>
    </ClCompile>
    <ClCompile Include="..\..\game\network\client\networkclientgame.cpp">
      <Filter>maxr\game\network\client</Filter>
    </ClCompile>
    <ClCompile Include="..\..\game\network\client\networkclientgamenew.cpp">
      <Filter>maxr\game\network\client</Filter>
    </ClCompile>
    <ClCompile Include="..\..\game\network\client\networkclientgamesaved.cpp">
      <Filter>maxr\game\network\client</Filter>
    </ClCompile>
    <ClCompile Include="..\..\game\network\client\networkclientgamereconnection.cpp">
      <Filter>maxr\game\network\client</Filter>
    </ClCompile>
    <ClCompile Include="..\..\ui\graphical\game\widgets\chatbox.cpp">
      <Filter>maxr\ui\graphical\game\widgets</Filter>
    </ClCompile>
    <ClCompile Include="..\..\ui\graphical\game\widgets\chatboxplayerlistviewitem.cpp">
      <Filter>maxr\ui\graphical\game\widgets</Filter>
    </ClCompile>
    <ClCompile Include="..\..\game\data\report\savedreportchat.cpp">
      <Filter>maxr\game\data\report</Filter>
    </ClCompile>
    <ClCompile Include="..\..\game\data\report\savedreport.cpp">
      <Filter>maxr\game\data\report</Filter>
    </ClCompile>
    <ClCompile Include="..\..\game\data\report\savedreportunit.cpp">
      <Filter>maxr\game\data\report</Filter>
    </ClCompile>
    <ClCompile Include="..\..\game\data\report\savedreportsimple.cpp">
      <Filter>maxr\game\data\report</Filter>
    </ClCompile>
    <ClCompile Include="..\..\game\data\report\savedreporttranslated.cpp">
      <Filter>maxr\game\data\report</Filter>
    </ClCompile>
    <ClCompile Include="..\..\ui\graphical\shortcut.cpp">
      <Filter>maxr\ui\graphical</Filter>
    </ClCompile>
    <ClCompile Include="..\..\input\keyboard\keycombination.cpp">
      <Filter>maxr\input\keyboard</Filter>
    </ClCompile>
    <ClCompile Include="..\..\input\keyboard\keysequence.cpp">
      <Filter>maxr\input\keyboard</Filter>
    </ClCompile>
    <ClCompile Include="..\..\ui\graphical\menu\widgets\combobox.cpp">
      <Filter>maxr\ui\graphical\menu\widgets</Filter>
    </ClCompile>
    <ClCompile Include="..\..\ui\graphical\menu\widgets\special\textlistviewitem.cpp">
      <Filter>maxr\ui\graphical\menu\widgets\special</Filter>
    </ClCompile>
    <ClCompile Include="..\..\ui\graphical\menu\dialogs\dialogselfdestruction.cpp">
      <Filter>maxr\ui\graphical\menu\dialogs</Filter>
    </ClCompile>
    <ClCompile Include="..\..\ui\graphical\menu\widgets\special\protectionglass.cpp">
      <Filter>maxr\ui\graphical\menu\widgets\special</Filter>
    </ClCompile>
    <ClCompile Include="..\..\ui\graphical\menu\dialogs\dialoglicense.cpp">
      <Filter>maxr\ui\graphical\menu\dialogs</Filter>
    </ClCompile>
    <ClCompile Include="..\..\ui\graphical\menu\widgets\special\reportunitlistviewitem.cpp">
      <Filter>maxr\ui\graphical\menu\widgets\special</Filter>
    </ClCompile>
    <ClCompile Include="..\..\ui\graphical\menu\widgets\frame.cpp">
      <Filter>maxr\ui\graphical\menu\widgets</Filter>
    </ClCompile>
    <ClCompile Include="..\..\ui\graphical\menu\widgets\special\reportdisadvantageslistviewitem.cpp">
      <Filter>maxr\ui\graphical\menu\widgets\special</Filter>
    </ClCompile>
    <ClCompile Include="..\..\ui\graphical\menu\widgets\special\reportmessagelistviewitem.cpp">
      <Filter>maxr\ui\graphical\menu\widgets\special</Filter>
    </ClCompile>
    <ClCompile Include="..\..\utility\drawing.cpp">
      <Filter>maxr\utility</Filter>
    </ClCompile>
    <ClCompile Include="..\..\game\logic\turnclock.cpp">
      <Filter>maxr\game\logic</Filter>
    </ClCompile>
    <ClCompile Include="..\..\game\data\playercolor.cpp">
      <Filter>maxr\game\data</Filter>
    </ClCompile>
    <ClCompile Include="..\..\utility\color.cpp">
      <Filter>maxr\utility</Filter>
    </ClCompile>
    <ClCompile Include="..\..\output\sound\sounddevice.cpp">
      <Filter>maxr\output\sound</Filter>
    </ClCompile>
    <ClCompile Include="..\..\output\sound\soundchunk.cpp">
      <Filter>maxr\output\sound</Filter>
    </ClCompile>
    <ClCompile Include="..\..\output\sound\soundchannel.cpp">
      <Filter>maxr\output\sound</Filter>
    </ClCompile>
    <ClCompile Include="..\..\output\sound\soundchannelgroup.cpp">
      <Filter>maxr\output\sound</Filter>
    </ClCompile>
    <ClCompile Include="..\..\ui\sound\soundmanager.cpp">
      <Filter>maxr\ui\sound</Filter>
    </ClCompile>
    <ClCompile Include="..\..\ui\sound\effects\soundeffect.cpp">
      <Filter>maxr\ui\sound\effects</Filter>
    </ClCompile>
    <ClCompile Include="..\..\ui\sound\effects\soundeffectposition.cpp">
      <Filter>maxr\ui\sound\effects</Filter>
    </ClCompile>
    <ClCompile Include="..\..\ui\sound\effects\soundeffectunit.cpp">
      <Filter>maxr\ui\sound\effects</Filter>
    </ClCompile>
    <ClCompile Include="..\..\ui\sound\effects\soundeffectvoice.cpp">
      <Filter>maxr\ui\sound\effects</Filter>
    </ClCompile>
    <ClCompile Include="..\..\game\logic\turntimeclock.cpp">
      <Filter>maxr\game\logic</Filter>
    </ClCompile>
    <ClCompile Include="..\..\ui\graphical\game\widgets\turntimeclockwidget.cpp">
      <Filter>maxr\ui\graphical\game\widgets</Filter>
    </ClCompile>
  </ItemGroup>
  <ItemGroup>
    <ClInclude Include="..\..\attackJobs.h">
      <Filter>maxr</Filter>
    </ClInclude>
    <ClInclude Include="..\..\automjobs.h">
      <Filter>maxr</Filter>
    </ClInclude>
    <ClInclude Include="..\..\autoobj.h">
      <Filter>maxr</Filter>
    </ClInclude>
    <ClInclude Include="..\..\autoptr.h">
      <Filter>maxr</Filter>
    </ClInclude>
    <ClInclude Include="..\..\autosurface.h">
      <Filter>maxr</Filter>
    </ClInclude>
    <ClInclude Include="..\..\base.h">
      <Filter>maxr</Filter>
    </ClInclude>
    <ClInclude Include="..\..\buildings.h">
      <Filter>maxr</Filter>
    </ClInclude>
    <ClInclude Include="..\..\casualtiestracker.h">
      <Filter>maxr</Filter>
    </ClInclude>
    <ClInclude Include="..\..\clans.h">
      <Filter>maxr</Filter>
    </ClInclude>
    <ClInclude Include="..\..\client.h">
      <Filter>maxr</Filter>
    </ClInclude>
    <ClInclude Include="..\..\clientevents.h">
      <Filter>maxr</Filter>
    </ClInclude>
    <ClInclude Include="..\..\clist.h">
      <Filter>maxr</Filter>
    </ClInclude>
    <ClInclude Include="..\..\cmutex.h">
      <Filter>maxr</Filter>
    </ClInclude>
    <ClInclude Include="..\..\dedicatedserver.h">
      <Filter>maxr</Filter>
    </ClInclude>
    <ClInclude Include="..\..\defines.h">
      <Filter>maxr</Filter>
    </ClInclude>
    <ClInclude Include="..\..\drawingcache.h">
      <Filter>maxr</Filter>
    </ClInclude>
    <ClInclude Include="..\..\extendedtinyxml.h">
      <Filter>maxr</Filter>
    </ClInclude>
    <ClInclude Include="..\..\files.h">
      <Filter>maxr</Filter>
    </ClInclude>
    <ClInclude Include="..\..\fxeffects.h">
      <Filter>maxr</Filter>
    </ClInclude>
    <ClInclude Include="..\..\gametimer.h">
      <Filter>maxr</Filter>
    </ClInclude>
    <ClInclude Include="..\..\hud.h">
      <Filter>maxr</Filter>
    </ClInclude>
    <ClInclude Include="..\..\jobs.h">
      <Filter>maxr</Filter>
    </ClInclude>
    <ClInclude Include="..\..\keys.h">
      <Filter>maxr</Filter>
    </ClInclude>
    <ClInclude Include="..\..\language.h">
      <Filter>maxr</Filter>
    </ClInclude>
    <ClInclude Include="..\..\loaddata.h">
      <Filter>maxr</Filter>
    </ClInclude>
    <ClInclude Include="..\..\log.h">
      <Filter>maxr</Filter>
    </ClInclude>
    <ClInclude Include="..\..\main.h">
      <Filter>maxr</Filter>
    </ClInclude>
    <ClInclude Include="..\..\map.h">
      <Filter>maxr</Filter>
    </ClInclude>
    <ClInclude Include="..\..\mapdownload.h">
      <Filter>maxr</Filter>
    </ClInclude>
    <ClInclude Include="..\..\menuevents.h">
      <Filter>maxr</Filter>
    </ClInclude>
    <ClInclude Include="..\..\menus.h">
      <Filter>maxr</Filter>
    </ClInclude>
    <ClInclude Include="..\..\movejobs.h">
      <Filter>maxr</Filter>
    </ClInclude>
    <ClInclude Include="..\..\mveplayer.h">
      <Filter>maxr</Filter>
    </ClInclude>
    <ClInclude Include="..\..\netmessage.h">
      <Filter>maxr</Filter>
    </ClInclude>
    <ClInclude Include="..\..\network.h">
      <Filter>maxr</Filter>
    </ClInclude>
    <ClInclude Include="..\..\notifications.h">
      <Filter>maxr</Filter>
    </ClInclude>
    <ClInclude Include="..\..\pcx.h">
      <Filter>maxr</Filter>
    </ClInclude>
    <ClInclude Include="..\..\player.h">
      <Filter>maxr</Filter>
    </ClInclude>
    <ClInclude Include="..\..\resource.h">
      <Filter>maxr</Filter>
    </ClInclude>
    <ClInclude Include="..\..\savegame.h">
      <Filter>maxr</Filter>
    </ClInclude>
    <ClInclude Include="..\..\SDL_flic.h">
      <Filter>maxr</Filter>
    </ClInclude>
    <ClInclude Include="..\..\server.h">
      <Filter>maxr</Filter>
    </ClInclude>
    <ClInclude Include="..\..\serverevents.h">
      <Filter>maxr</Filter>
    </ClInclude>
    <ClInclude Include="..\..\servergame.h">
      <Filter>maxr</Filter>
    </ClInclude>
    <ClInclude Include="..\..\settings.h">
      <Filter>maxr</Filter>
    </ClInclude>
    <ClInclude Include="..\..\sound.h">
      <Filter>maxr</Filter>
    </ClInclude>
    <ClInclude Include="..\..\t_2.h">
      <Filter>maxr</Filter>
    </ClInclude>
    <ClInclude Include="..\..\tinyxml2.h">
      <Filter>maxr</Filter>
    </ClInclude>
    <ClInclude Include="..\..\unifonts.h">
      <Filter>maxr</Filter>
    </ClInclude>
    <ClInclude Include="..\..\unit.h">
      <Filter>maxr</Filter>
    </ClInclude>
    <ClInclude Include="..\..\upgradecalculator.h">
      <Filter>maxr</Filter>
    </ClInclude>
    <ClInclude Include="..\..\vehicles.h">
      <Filter>maxr</Filter>
    </ClInclude>
    <ClInclude Include="..\..\video.h">
      <Filter>maxr</Filter>
    </ClInclude>
    <ClInclude Include="..\..\maxrconfig.h">
      <Filter>maxr</Filter>
    </ClInclude>
    <ClInclude Include="..\..\config\selectcompilerconfig.h">
      <Filter>maxr\config</Filter>
    </ClInclude>
    <ClInclude Include="..\..\config\selectstdlibconfig.h">
      <Filter>maxr\config</Filter>
    </ClInclude>
    <ClInclude Include="..\..\config\userconfig.h">
      <Filter>maxr\config</Filter>
    </ClInclude>
    <ClInclude Include="..\..\config\stdlib\dinkumware.h">
      <Filter>maxr\config\stdlib</Filter>
    </ClInclude>
    <ClInclude Include="..\..\config\stdlib\libcpp.h">
      <Filter>maxr\config\stdlib</Filter>
    </ClInclude>
    <ClInclude Include="..\..\config\stdlib\libstdcpp.h">
      <Filter>maxr\config\stdlib</Filter>
    </ClInclude>
    <ClInclude Include="..\..\config\compiler\clang.h">
      <Filter>maxr\config\compiler</Filter>
    </ClInclude>
    <ClInclude Include="..\..\config\compiler\gcc.h">
      <Filter>maxr\config\compiler</Filter>
    </ClInclude>
    <ClInclude Include="..\..\config\compiler\intel.h">
      <Filter>maxr\config\compiler</Filter>
    </ClInclude>
    <ClInclude Include="..\..\config\compiler\vcpp.h">
      <Filter>maxr\config\compiler</Filter>
    </ClInclude>
    <ClInclude Include="..\..\config\workaround\language.h">
      <Filter>maxr\config\workaround</Filter>
    </ClInclude>
    <ClInclude Include="..\..\config\selectplatformconfig.h">
      <Filter>maxr\config</Filter>
    </ClInclude>
    <ClInclude Include="..\..\config\platform\win32.h">
      <Filter>maxr\config\platform</Filter>
    </ClInclude>
    <ClInclude Include="..\..\config\platform\linux.h">
      <Filter>maxr\config\platform</Filter>
    </ClInclude>
    <ClInclude Include="..\..\config\platform\macos.h">
      <Filter>maxr\config\platform</Filter>
    </ClInclude>
    <ClInclude Include="..\..\config\platform\amigaos.h">
      <Filter>maxr\config\platform</Filter>
    </ClInclude>
    <ClInclude Include="..\..\config\platform\cygwin.h">
      <Filter>maxr\config\platform</Filter>
    </ClInclude>
    <ClInclude Include="..\..\config\workaround\makeunique.h">
      <Filter>maxr\config\workaround</Filter>
    </ClInclude>
    <ClInclude Include="..\..\config\workaround\underlyingtype.h">
      <Filter>maxr\config\workaround</Filter>
    </ClInclude>
    <ClInclude Include="..\..\events\eventmanager.h">
      <Filter>maxr\events</Filter>
    </ClInclude>
    <ClInclude Include="..\..\utility\dependentfalse.h">
      <Filter>maxr\utility</Filter>
    </ClInclude>
    <ClInclude Include="..\..\utility\deref.h">
      <Filter>maxr\utility</Filter>
    </ClInclude>
    <ClInclude Include="..\..\utility\position.h">
      <Filter>maxr\utility</Filter>
    </ClInclude>
    <ClInclude Include="..\..\utility\fixedvector.h">
      <Filter>maxr\utility</Filter>
    </ClInclude>
    <ClInclude Include="..\..\utility\box.h">
      <Filter>maxr\utility</Filter>
    </ClInclude>
    <ClInclude Include="..\..\utility\scopedoperation.h">
      <Filter>maxr\utility</Filter>
    </ClInclude>
    <ClInclude Include="..\..\input\mouse\mouse.h">
      <Filter>maxr\input\mouse</Filter>
    </ClInclude>
    <ClInclude Include="..\..\input\mouse\mousebuttontype.h">
      <Filter>maxr\input\mouse</Filter>
    </ClInclude>
    <ClInclude Include="..\..\input\mouse\mousecursortype.h">
      <Filter>maxr\input\mouse</Filter>
    </ClInclude>
    <ClInclude Include="..\..\events\mouseevents.h">
      <Filter>maxr\events</Filter>
    </ClInclude>
    <ClInclude Include="..\..\events\keyboardevents.h">
      <Filter>maxr\events</Filter>
    </ClInclude>
    <ClInclude Include="..\..\input\keyboard\keyboard.h">
      <Filter>maxr\input\keyboard</Filter>
    </ClInclude>
    <ClInclude Include="..\..\utility\enumflag.h">
      <Filter>maxr\utility</Filter>
    </ClInclude>
    <ClInclude Include="..\..\utility\tounderlyingtype.h">
      <Filter>maxr\utility</Filter>
    </ClInclude>
    <ClInclude Include="..\..\input\keyboard\keymodifiertype.h">
      <Filter>maxr\input\keyboard</Filter>
    </ClInclude>
    <ClInclude Include="..\..\utility\functiontraits.h">
      <Filter>maxr\utility</Filter>
    </ClInclude>
    <ClInclude Include="..\..\utility\signal\slot.h">
      <Filter>maxr\utility\signal</Filter>
    </ClInclude>
    <ClInclude Include="..\..\utility\signal\signal.h">
      <Filter>maxr\utility\signal</Filter>
    </ClInclude>
    <ClInclude Include="..\..\utility\signal\signalconnection.h">
      <Filter>maxr\utility\signal</Filter>
    </ClInclude>
    <ClInclude Include="..\..\utility\signal\signalconnectionmanager.h">
      <Filter>maxr\utility\signal</Filter>
    </ClInclude>
    <ClInclude Include="..\..\utility\signal\signalresultcombinervoid.h">
      <Filter>maxr\utility\signal</Filter>
    </ClInclude>
    <ClInclude Include="..\..\utility\signal\signalresultcombinerlast.h">
      <Filter>maxr\utility\signal</Filter>
    </ClInclude>
    <ClInclude Include="..\..\utility\signal\signalresultcombineroperation.h">
      <Filter>maxr\utility\signal</Filter>
    </ClInclude>
    <ClInclude Include="..\..\utility\signal\signalcalliterator.h">
      <Filter>maxr\utility\signal</Filter>
    </ClInclude>
    <ClInclude Include="..\..\utility\invoke.h">
      <Filter>maxr\utility</Filter>
    </ClInclude>
    <ClInclude Include="..\..\ui\graphical\widget.h">
      <Filter>maxr\ui\graphical</Filter>
    </ClInclude>
    <ClInclude Include="..\..\ui\graphical\application.h">
      <Filter>maxr\ui\graphical</Filter>
    </ClInclude>
    <ClInclude Include="..\..\ui\graphical\alignment.h">
      <Filter>maxr\ui\graphical</Filter>
    </ClInclude>
    <ClInclude Include="..\..\ui\graphical\orientation.h">
      <Filter>maxr\ui\graphical</Filter>
    </ClInclude>
    <ClInclude Include="..\..\ui\graphical\window.h">
      <Filter>maxr\ui\graphical</Filter>
    </ClInclude>
    <ClInclude Include="..\..\ui\graphical\menu\windows\windowmain.h">
      <Filter>maxr\ui\graphical\menu\windows</Filter>
    </ClInclude>
    <ClInclude Include="..\..\ui\graphical\menu\windows\windowmultiplayer.h">
      <Filter>maxr\ui\graphical\menu\windows</Filter>
    </ClInclude>
    <ClInclude Include="..\..\ui\graphical\menu\windows\windowsingleplayer.h">
      <Filter>maxr\ui\graphical\menu\windows</Filter>
    </ClInclude>
    <ClInclude Include="..\..\ui\graphical\menu\windows\windowstart.h">
      <Filter>maxr\ui\graphical\menu\windows</Filter>
    </ClInclude>
    <ClInclude Include="..\..\ui\graphical\menu\dialogs\dialogok.h">
      <Filter>maxr\ui\graphical\menu\dialogs</Filter>
    </ClInclude>
    <ClInclude Include="..\..\ui\graphical\menu\dialogs\dialogpreferences.h">
      <Filter>maxr\ui\graphical\menu\dialogs</Filter>
    </ClInclude>
    <ClInclude Include="..\..\ui\graphical\menu\dialogs\dialogyesno.h">
      <Filter>maxr\ui\graphical\menu\dialogs</Filter>
    </ClInclude>
    <ClInclude Include="..\..\ui\graphical\menu\widgets\checkbox.h">
      <Filter>maxr\ui\graphical\menu\widgets</Filter>
    </ClInclude>
    <ClInclude Include="..\..\ui\graphical\menu\widgets\clickablewidget.h">
      <Filter>maxr\ui\graphical\menu\widgets</Filter>
    </ClInclude>
    <ClInclude Include="..\..\ui\graphical\menu\widgets\image.h">
      <Filter>maxr\ui\graphical\menu\widgets</Filter>
    </ClInclude>
    <ClInclude Include="..\..\ui\graphical\menu\widgets\label.h">
      <Filter>maxr\ui\graphical\menu\widgets</Filter>
    </ClInclude>
    <ClInclude Include="..\..\ui\graphical\menu\widgets\lineedit.h">
      <Filter>maxr\ui\graphical\menu\widgets</Filter>
    </ClInclude>
    <ClInclude Include="..\..\ui\graphical\menu\widgets\pushbutton.h">
      <Filter>maxr\ui\graphical\menu\widgets</Filter>
    </ClInclude>
    <ClInclude Include="..\..\ui\graphical\menu\widgets\radiogroup.h">
      <Filter>maxr\ui\graphical\menu\widgets</Filter>
    </ClInclude>
    <ClInclude Include="..\..\ui\graphical\menu\widgets\slider.h">
      <Filter>maxr\ui\graphical\menu\widgets</Filter>
    </ClInclude>
    <ClInclude Include="..\..\ui\graphical\menu\widgets\sliderhandle.h">
      <Filter>maxr\ui\graphical\menu\widgets</Filter>
    </ClInclude>
    <ClInclude Include="..\..\ui\graphical\menu\widgets\tools\validator.h">
      <Filter>maxr\ui\graphical\menu\widgets\tools</Filter>
    </ClInclude>
    <ClInclude Include="..\..\ui\graphical\menu\widgets\tools\validatorint.h">
      <Filter>maxr\ui\graphical\menu\widgets\tools</Filter>
    </ClInclude>
    <ClInclude Include="..\..\ui\graphical\menu\windows\windowgamesettings\windowgamesettings.h">
      <Filter>maxr\ui\graphical\menu\windows\windowgamesettings</Filter>
    </ClInclude>
    <ClInclude Include="..\..\ui\graphical\menu\windows\windowgamesettings\gamesettings.h">
      <Filter>maxr\ui\graphical\menu\windows\windowgamesettings</Filter>
    </ClInclude>
    <ClInclude Include="..\..\ui\graphical\menu\windows\windowmapselection\windowmapselection.h">
      <Filter>maxr\ui\graphical\menu\windows\windowmapselection</Filter>
    </ClInclude>
    <ClInclude Include="..\..\ui\graphical\menu\windows\windowlandingunitselection\windowlandingunitselection.h">
      <Filter>maxr\ui\graphical\menu\windows\windowlandingunitselection</Filter>
    </ClInclude>
    <ClInclude Include="..\..\ui\graphical\menu\windows\windowclanselection\windowclanselection.h">
      <Filter>maxr\ui\graphical\menu\windows\windowclanselection</Filter>
    </ClInclude>
    <ClInclude Include="..\..\ui\graphical\menu\windows\windowhangar\windowhangar.h">
      <Filter>maxr\ui\graphical\menu\windows\windowhangar</Filter>
    </ClInclude>
    <ClInclude Include="..\..\ui\graphical\menu\windows\windowadvancedhangar\windowadvancedhangar.h">
      <Filter>maxr\ui\graphical\menu\windows\windowadvancedhangar</Filter>
    </ClInclude>
    <ClInclude Include="..\..\ui\graphical\menu\widgets\scrollbar.h">
      <Filter>maxr\ui\graphical\menu\widgets</Filter>
    </ClInclude>
    <ClInclude Include="..\..\ui\graphical\menu\widgets\listview.h">
      <Filter>maxr\ui\graphical\menu\widgets</Filter>
    </ClInclude>
    <ClInclude Include="..\..\ui\graphical\menu\widgets\abstractlistviewitem.h">
      <Filter>maxr\ui\graphical\menu\widgets</Filter>
    </ClInclude>
    <ClInclude Include="..\..\ui\graphical\menu\widgets\special\resourcebar.h">
      <Filter>maxr\ui\graphical\menu\widgets\special</Filter>
    </ClInclude>
    <ClInclude Include="..\..\ui\graphical\menu\widgets\special\unitdetails.h">
      <Filter>maxr\ui\graphical\menu\widgets\special</Filter>
    </ClInclude>
    <ClInclude Include="..\..\ui\graphical\menu\widgets\special\unitlistviewitem.h">
      <Filter>maxr\ui\graphical\menu\widgets\special</Filter>
    </ClInclude>
    <ClInclude Include="..\..\ui\graphical\menu\widgets\special\unitlistviewitembuy.h">
      <Filter>maxr\ui\graphical\menu\widgets\special</Filter>
    </ClInclude>
    <ClInclude Include="..\..\ui\graphical\menu\widgets\special\unitlistviewitemcargo.h">
      <Filter>maxr\ui\graphical\menu\widgets\special</Filter>
    </ClInclude>
    <ClInclude Include="..\..\ui\graphical\menu\windows\windowlandingpositionselection\windowlandingpositionselection.h">
      <Filter>maxr\ui\graphical\menu\windows\windowlandingpositionselection</Filter>
    </ClInclude>
    <ClInclude Include="..\..\ui\graphical\menu\widgets\special\landingpositionselectionmap.h">
      <Filter>maxr\ui\graphical\menu\widgets\special</Filter>
    </ClInclude>
    <ClInclude Include="..\..\ui\graphical\game\gamegui.h">
      <Filter>maxr\ui\graphical\game</Filter>
    </ClInclude>
    <ClInclude Include="..\..\ui\graphical\game\hud.h">
      <Filter>maxr\ui\graphical\game</Filter>
    </ClInclude>
    <ClInclude Include="..\..\utility\indexiterator.h">
      <Filter>maxr\utility</Filter>
    </ClInclude>
    <ClInclude Include="..\..\game\game.h">
      <Filter>maxr\game</Filter>
    </ClInclude>
    <ClInclude Include="..\..\ui\graphical\game\temp\animationtimer.h">
      <Filter>maxr\ui\graphical\game\temp</Filter>
    </ClInclude>
    <ClInclude Include="..\..\ui\graphical\game\temp\unitdrawingengine.h">
      <Filter>maxr\ui\graphical\game\temp</Filter>
    </ClInclude>
    <ClInclude Include="..\..\ui\graphical\game\unitselection.h">
      <Filter>maxr\ui\graphical\game</Filter>
    </ClInclude>
    <ClInclude Include="..\..\ui\graphical\game\widgets\gamemapwidget.h">
      <Filter>maxr\ui\graphical\game\widgets</Filter>
    </ClInclude>
    <ClInclude Include="..\..\ui\graphical\game\widgets\minimapwidget.h">
      <Filter>maxr\ui\graphical\game\widgets</Filter>
    </ClInclude>
    <ClInclude Include="..\..\ui\graphical\game\widgets\unitcontextmenuwidget.h">
      <Filter>maxr\ui\graphical\game\widgets</Filter>
    </ClInclude>
    <ClInclude Include="..\..\ui\graphical\game\widgets\unitvideowidget.h">
      <Filter>maxr\ui\graphical\game\widgets</Filter>
    </ClInclude>
    <ClInclude Include="..\..\ui\graphical\game\widgets\unitdetailshud.h">
      <Filter>maxr\ui\graphical\game\widgets</Filter>
    </ClInclude>
    <ClInclude Include="..\..\ui\graphical\menu\widgets\special\unitdatasymboltype.h">
      <Filter>maxr\ui\graphical\menu\widgets\special</Filter>
    </ClInclude>
    <ClInclude Include="..\..\ui\graphical\game\unitselectionbox.h">
      <Filter>maxr\ui\graphical\game</Filter>
    </ClInclude>
    <ClInclude Include="..\..\ui\graphical\game\widgets\gamemessagelistview.h">
      <Filter>maxr\ui\graphical\game\widgets</Filter>
    </ClInclude>
    <ClInclude Include="..\..\ui\graphical\game\widgets\gamemessagelistviewitem.h">
      <Filter>maxr\ui\graphical\game\widgets</Filter>
    </ClInclude>
    <ClInclude Include="..\..\ui\graphical\menu\widgets\tools\validatorstate.h">
      <Filter>maxr\ui\graphical\menu\widgets\tools</Filter>
    </ClInclude>
    <ClInclude Include="..\..\ui\graphical\game\widgets\unitrenamewidget.h">
      <Filter>maxr\ui\graphical\game\widgets</Filter>
    </ClInclude>
    <ClInclude Include="..\..\ui\graphical\menu\dialogs\dialogtransfer.h">
      <Filter>maxr\ui\graphical\menu\dialogs</Filter>
    </ClInclude>
    <ClInclude Include="..\..\ui\graphical\menu\windows\windowunitinfo\windowunitinfo.h">
      <Filter>maxr\ui\graphical\menu\windows\windowunitinfo</Filter>
    </ClInclude>
    <ClInclude Include="..\..\ui\graphical\menu\windows\windowupgrades\windowupgrades.h">
      <Filter>maxr\ui\graphical\menu\windows\windowupgrades</Filter>
    </ClInclude>
    <ClInclude Include="..\..\ui\graphical\menu\windows\windowbuildbuildings\windowbuildbuildings.h">
      <Filter>maxr\ui\graphical\menu\windows\windowbuildbuildings</Filter>
    </ClInclude>
    <ClInclude Include="..\..\ui\graphical\menu\windows\windowbuildvehicles\windowbuildvehicles.h">
      <Filter>maxr\ui\graphical\menu\windows\windowbuildvehicles</Filter>
    </ClInclude>
    <ClInclude Include="..\..\ui\graphical\menu\dialogs\dialogresearch.h">
      <Filter>maxr\ui\graphical\menu\dialogs</Filter>
    </ClInclude>
    <ClInclude Include="..\..\ui\graphical\menu\widgets\special\buildspeedhandlerwidget.h">
      <Filter>maxr\ui\graphical\menu\widgets\special</Filter>
    </ClInclude>
    <ClInclude Include="..\..\ui\graphical\menu\widgets\special\unitlistviewitembuild.h">
      <Filter>maxr\ui\graphical\menu\widgets\special</Filter>
    </ClInclude>
    <ClInclude Include="..\..\input\mouse\cursor\mousecursor.h">
      <Filter>maxr\input\mouse\cursor</Filter>
    </ClInclude>
    <ClInclude Include="..\..\input\mouse\cursor\mousecursorsimple.h">
      <Filter>maxr\input\mouse\cursor</Filter>
    </ClInclude>
    <ClInclude Include="..\..\input\mouse\cursor\mousecursoramount.h">
      <Filter>maxr\input\mouse\cursor</Filter>
    </ClInclude>
    <ClInclude Include="..\..\input\mouse\cursor\mousecursorattack.h">
      <Filter>maxr\input\mouse\cursor</Filter>
    </ClInclude>
    <ClInclude Include="..\..\ui\graphical\game\widgets\mousemode\mousemode.h">
      <Filter>maxr\ui\graphical\game\widgets\mousemode</Filter>
    </ClInclude>
    <ClInclude Include="..\..\ui\graphical\game\widgets\mousemode\mousemodetransfer.h">
      <Filter>maxr\ui\graphical\game\widgets\mousemode</Filter>
    </ClInclude>
    <ClInclude Include="..\..\ui\graphical\game\widgets\mousemode\mousemodeattack.h">
      <Filter>maxr\ui\graphical\game\widgets\mousemode</Filter>
    </ClInclude>
    <ClInclude Include="..\..\ui\graphical\game\widgets\mousemode\mousemodeselectbuildposition.h">
      <Filter>maxr\ui\graphical\game\widgets\mousemode</Filter>
    </ClInclude>
    <ClInclude Include="..\..\ui\graphical\game\widgets\mousemode\mousemodeselectbuildpathdestination.h">
      <Filter>maxr\ui\graphical\game\widgets\mousemode</Filter>
    </ClInclude>
    <ClInclude Include="..\..\ui\graphical\game\widgets\mousemode\mousemodeload.h">
      <Filter>maxr\ui\graphical\game\widgets\mousemode</Filter>
    </ClInclude>
    <ClInclude Include="..\..\ui\graphical\game\widgets\mousemode\mousemodesupplyammo.h">
      <Filter>maxr\ui\graphical\game\widgets\mousemode</Filter>
    </ClInclude>
    <ClInclude Include="..\..\ui\graphical\game\widgets\mousemode\mousemoderepair.h">
      <Filter>maxr\ui\graphical\game\widgets\mousemode</Filter>
    </ClInclude>
    <ClInclude Include="..\..\ui\graphical\game\widgets\mousemode\mousemodedisable.h">
      <Filter>maxr\ui\graphical\game\widgets\mousemode</Filter>
    </ClInclude>
    <ClInclude Include="..\..\ui\graphical\game\widgets\mousemode\mousemodesteal.h">
      <Filter>maxr\ui\graphical\game\widgets\mousemode</Filter>
    </ClInclude>
    <ClInclude Include="..\..\ui\graphical\game\widgets\mousemode\mousemodehelp.h">
      <Filter>maxr\ui\graphical\game\widgets\mousemode</Filter>
    </ClInclude>
    <ClInclude Include="..\..\ui\graphical\game\widgets\mousemode\mousemodeactivateloaded.h">
      <Filter>maxr\ui\graphical\game\widgets\mousemode</Filter>
    </ClInclude>
    <ClInclude Include="..\..\ui\graphical\game\widgets\mouseaction\mouseaction.h">
      <Filter>maxr\ui\graphical\game\widgets\mouseaction</Filter>
    </ClInclude>
    <ClInclude Include="..\..\ui\graphical\game\widgets\mouseaction\mouseactionattack.h">
      <Filter>maxr\ui\graphical\game\widgets\mouseaction</Filter>
    </ClInclude>
    <ClInclude Include="..\..\ui\graphical\game\widgets\mouseaction\mouseactionselectbuildposition.h">
      <Filter>maxr\ui\graphical\game\widgets\mouseaction</Filter>
    </ClInclude>
    <ClInclude Include="..\..\ui\graphical\game\widgets\mouseaction\mouseactionselectbuildpathdestination.h">
      <Filter>maxr\ui\graphical\game\widgets\mouseaction</Filter>
    </ClInclude>
    <ClInclude Include="..\..\ui\graphical\game\widgets\mouseaction\mouseactiontransfer.h">
      <Filter>maxr\ui\graphical\game\widgets\mouseaction</Filter>
    </ClInclude>
    <ClInclude Include="..\..\ui\graphical\game\widgets\mouseaction\mouseactionhelp.h">
      <Filter>maxr\ui\graphical\game\widgets\mouseaction</Filter>
    </ClInclude>
    <ClInclude Include="..\..\ui\graphical\game\widgets\mouseaction\mouseactiondisable.h">
      <Filter>maxr\ui\graphical\game\widgets\mouseaction</Filter>
    </ClInclude>
    <ClInclude Include="..\..\ui\graphical\game\widgets\mouseaction\mouseactionselect.h">
      <Filter>maxr\ui\graphical\game\widgets\mouseaction</Filter>
    </ClInclude>
    <ClInclude Include="..\..\ui\graphical\game\widgets\mouseaction\mouseactionmove.h">
      <Filter>maxr\ui\graphical\game\widgets\mouseaction</Filter>
    </ClInclude>
    <ClInclude Include="..\..\ui\graphical\game\widgets\mouseaction\mouseactionload.h">
      <Filter>maxr\ui\graphical\game\widgets\mouseaction</Filter>
    </ClInclude>
    <ClInclude Include="..\..\ui\graphical\game\widgets\mouseaction\mouseactionactivateloaded.h">
      <Filter>maxr\ui\graphical\game\widgets\mouseaction</Filter>
    </ClInclude>
    <ClInclude Include="..\..\ui\graphical\game\widgets\mouseaction\mouseactionactivatefinished.h">
      <Filter>maxr\ui\graphical\game\widgets\mouseaction</Filter>
    </ClInclude>
    <ClInclude Include="..\..\ui\graphical\game\widgets\mouseaction\mouseactionsteal.h">
      <Filter>maxr\ui\graphical\game\widgets\mouseaction</Filter>
    </ClInclude>
    <ClInclude Include="..\..\ui\graphical\game\widgets\mouseaction\mouseactionsupplyammo.h">
      <Filter>maxr\ui\graphical\game\widgets\mouseaction</Filter>
    </ClInclude>
    <ClInclude Include="..\..\ui\graphical\game\widgets\mouseaction\mouseactionrepair.h">
      <Filter>maxr\ui\graphical\game\widgets\mouseaction</Filter>
    </ClInclude>
    <ClInclude Include="..\..\ui\graphical\game\widgets\mousemode\mousemodedefault.h">
      <Filter>maxr\ui\graphical\game\widgets\mousemode</Filter>
    </ClInclude>
    <ClInclude Include="..\..\ui\graphical\game\widgets\mousemode\mousemodetype.h">
      <Filter>maxr\ui\graphical\game\widgets\mousemode</Filter>
    </ClInclude>
    <ClInclude Include="..\..\ui\graphical\menu\windows\windowstorage\windowstorage.h">
      <Filter>maxr\ui\graphical\menu\windows\windowstorage</Filter>
    </ClInclude>
    <ClInclude Include="..\..\ui\graphical\menu\windows\windowreports\windowreports.h">
      <Filter>maxr\ui\graphical\menu\windows\windowreports</Filter>
    </ClInclude>
    <ClInclude Include="..\..\ui\graphical\menu\windows\windowresourcedistribution\windowresourcedistribution.h">
      <Filter>maxr\ui\graphical\menu\windows\windowresourcedistribution</Filter>
    </ClInclude>
    <ClInclude Include="..\..\unitdata.h">
      <Filter>maxr</Filter>
    </ClInclude>
    <ClInclude Include="..\..\ui\graphical\game\widgets\unitdetailsstored.h">
      <Filter>maxr\ui\graphical\game\widgets</Filter>
    </ClInclude>
    <ClInclude Include="..\..\ui\graphical\game\widgets\hudpanels.h">
      <Filter>maxr\ui\graphical\game\widgets</Filter>
    </ClInclude>
    <ClInclude Include="..\..\ui\graphical\menu\windows\windowload\windowload.h">
      <Filter>maxr\ui\graphical\menu\windows\windowload</Filter>
    </ClInclude>
    <ClInclude Include="..\..\ui\graphical\menu\windows\windowloadsave\windowloadsave.h">
      <Filter>maxr\ui\graphical\menu\windows\windowloadsave</Filter>
    </ClInclude>
    <ClInclude Include="..\..\ui\graphical\menu\widgets\special\saveslotwidget.h">
      <Filter>maxr\ui\graphical\menu\widgets\special</Filter>
    </ClInclude>
    <ClInclude Include="..\..\ui\graphical\menu\windows\windowload\savegamedata.h">
      <Filter>maxr\ui\graphical\menu\windows\windowload</Filter>
    </ClInclude>
    <ClInclude Include="..\..\utility\version.h">
      <Filter>maxr\utility</Filter>
    </ClInclude>
    <ClInclude Include="..\..\ui\graphical\menu\windows\windownetworklobby\windownetworklobby.h">
      <Filter>maxr\ui\graphical\menu\windows\windownetworklobby</Filter>
    </ClInclude>
    <ClInclude Include="..\..\ui\graphical\menu\windows\windownetworklobbyclient\windownetworklobbyclient.h">
      <Filter>maxr\ui\graphical\menu\windows\windownetworklobbyclient</Filter>
    </ClInclude>
    <ClInclude Include="..\..\ui\graphical\menu\windows\windownetworklobbyhost\windownetworklobbyhost.h">
      <Filter>maxr\ui\graphical\menu\windows\windownetworklobbyhost</Filter>
    </ClInclude>
    <ClInclude Include="..\..\ui\graphical\menu\widgets\special\lobbyplayerlistviewitem.h">
      <Filter>maxr\ui\graphical\menu\widgets\special</Filter>
    </ClInclude>
    <ClInclude Include="..\..\ui\graphical\menu\widgets\special\lobbychatboxlistviewitem.h">
      <Filter>maxr\ui\graphical\menu\widgets\special</Filter>
    </ClInclude>
    <ClInclude Include="..\..\game\local\singleplayer\localsingleplayergame.h">
      <Filter>maxr\game\local\singleplayer</Filter>
    </ClInclude>
    <ClInclude Include="..\..\game\local\singleplayer\localsingleplayergamenew.h">
      <Filter>maxr\game\local\singleplayer</Filter>
    </ClInclude>
    <ClInclude Include="..\..\game\local\singleplayer\localsingleplayergamesaved.h">
      <Filter>maxr\game\local\singleplayer</Filter>
    </ClInclude>
    <ClInclude Include="..\..\game\network\host\networkhostgame.h">
      <Filter>maxr\game\network\host</Filter>
    </ClInclude>
    <ClInclude Include="..\..\game\network\host\networkhostgamenew.h">
      <Filter>maxr\game\network\host</Filter>
    </ClInclude>
    <ClInclude Include="..\..\game\network\host\networkhostgamesaved.h">
      <Filter>maxr\game\network\host</Filter>
    </ClInclude>
    <ClInclude Include="..\..\game\logic\landingpositionmanager.h">
      <Filter>maxr\game\logic</Filter>
    </ClInclude>
    <ClInclude Include="..\..\utility\concurrentqueue.h">
      <Filter>maxr\utility</Filter>
    </ClInclude>
    <ClInclude Include="..\..\ui\graphical\control\menucontrollermultiplayerhost.h">
      <Filter>maxr\ui\graphical\control</Filter>
    </ClInclude>
    <ClInclude Include="..\..\utility\runnable.h">
      <Filter>maxr\utility</Filter>
    </ClInclude>
    <ClInclude Include="..\..\ui\graphical\control\menucontrollermultiplayerclient.h">
      <Filter>maxr\ui\graphical\control</Filter>
    </ClInclude>
    <ClInclude Include="..\..\utility\signal\novariadic\signal_0.h">
      <Filter>maxr\utility\signal\novariadic</Filter>
    </ClInclude>
    <ClInclude Include="..\..\utility\signal\novariadic\signal_1.h">
      <Filter>maxr\utility\signal\novariadic</Filter>
    </ClInclude>
    <ClInclude Include="..\..\utility\signal\novariadic\signal_2.h">
      <Filter>maxr\utility\signal\novariadic</Filter>
    </ClInclude>
    <ClInclude Include="..\..\utility\signal\novariadic\signal_3.h">
      <Filter>maxr\utility\signal\novariadic</Filter>
    </ClInclude>
    <ClInclude Include="..\..\utility\signal\novariadic\signal_4.h">
      <Filter>maxr\utility\signal\novariadic</Filter>
    </ClInclude>
    <ClInclude Include="..\..\game\network\client\networkclientgame.h">
      <Filter>maxr\game\network\client</Filter>
    </ClInclude>
    <ClInclude Include="..\..\game\network\client\networkclientgamenew.h">
      <Filter>maxr\game\network\client</Filter>
    </ClInclude>
    <ClInclude Include="..\..\game\network\client\networkclientgamesaved.h">
      <Filter>maxr\game\network\client</Filter>
    </ClInclude>
    <ClInclude Include="..\..\game\logic\landingpositionstate.h">
      <Filter>maxr\game\logic</Filter>
    </ClInclude>
    <ClInclude Include="..\..\game\network\client\networkclientgamereconnection.h">
      <Filter>maxr\game\network\client</Filter>
    </ClInclude>
    <ClInclude Include="..\..\ui\graphical\game\widgets\chatbox.h">
      <Filter>maxr\ui\graphical\game\widgets</Filter>
    </ClInclude>
    <ClInclude Include="..\..\ui\graphical\game\widgets\chatboxplayerlistviewitem.h">
      <Filter>maxr\ui\graphical\game\widgets</Filter>
    </ClInclude>
    <ClInclude Include="..\..\game\data\report\savedreport.h">
      <Filter>maxr\game\data\report</Filter>
    </ClInclude>
    <ClInclude Include="..\..\game\data\report\savedreportchat.h">
      <Filter>maxr\game\data\report</Filter>
    </ClInclude>
    <ClInclude Include="..\..\game\data\report\savedreportunit.h">
      <Filter>maxr\game\data\report</Filter>
    </ClInclude>
    <ClInclude Include="..\..\game\data\report\savedreportsimple.h">
      <Filter>maxr\game\data\report</Filter>
    </ClInclude>
    <ClInclude Include="..\..\game\data\report\savedreporttranslated.h">
      <Filter>maxr\game\data\report</Filter>
    </ClInclude>
    <ClInclude Include="..\..\ui\graphical\shortcut.h">
      <Filter>maxr\ui\graphical</Filter>
    </ClInclude>
    <ClInclude Include="..\..\input\keyboard\keycombination.h">
      <Filter>maxr\input\keyboard</Filter>
    </ClInclude>
    <ClInclude Include="..\..\input\keyboard\keysequence.h">
      <Filter>maxr\input\keyboard</Filter>
    </ClInclude>
    <ClInclude Include="..\..\ui\graphical\menu\widgets\combobox.h">
      <Filter>maxr\ui\graphical\menu\widgets</Filter>
    </ClInclude>
    <ClInclude Include="..\..\ui\graphical\menu\widgets\special\textlistviewitem.h">
      <Filter>maxr\ui\graphical\menu\widgets\special</Filter>
    </ClInclude>
    <ClInclude Include="..\..\utility\string\iequals.h">
      <Filter>maxr\utility\string</Filter>
    </ClInclude>
    <ClInclude Include="..\..\utility\string\trim.h">
      <Filter>maxr\utility\string</Filter>
    </ClInclude>
    <ClInclude Include="..\..\utility\string\tolower.h">
      <Filter>maxr\utility\string</Filter>
    </ClInclude>
    <ClInclude Include="..\..\utility\string\toupper.h">
      <Filter>maxr\utility\string</Filter>
    </ClInclude>
    <ClInclude Include="..\..\ui\graphical\menu\dialogs\dialogselfdestruction.h">
      <Filter>maxr\ui\graphical\menu\dialogs</Filter>
    </ClInclude>
    <ClInclude Include="..\..\ui\graphical\menu\widgets\special\protectionglass.h">
      <Filter>maxr\ui\graphical\menu\widgets\special</Filter>
    </ClInclude>
    <ClInclude Include="..\..\ui\graphical\menu\dialogs\dialoglicense.h">
      <Filter>maxr\ui\graphical\menu\dialogs</Filter>
    </ClInclude>
    <ClInclude Include="..\..\ui\graphical\menu\widgets\special\reportunitlistviewitem.h">
      <Filter>maxr\ui\graphical\menu\widgets\special</Filter>
    </ClInclude>
    <ClInclude Include="..\..\ui\graphical\menu\widgets\frame.h">
      <Filter>maxr\ui\graphical\menu\widgets</Filter>
    </ClInclude>
    <ClInclude Include="..\..\ui\graphical\menu\widgets\special\reportdisadvantageslistviewitem.h">
      <Filter>maxr\ui\graphical\menu\widgets\special</Filter>
    </ClInclude>
    <ClInclude Include="..\..\ui\graphical\menu\widgets\special\reportmessagelistviewitem.h">
      <Filter>maxr\ui\graphical\menu\widgets\special</Filter>
    </ClInclude>
    <ClInclude Include="..\..\ui\graphical\menu\widgets\plot.h">
      <Filter>maxr\ui\graphical\menu\widgets</Filter>
    </ClInclude>
    <ClInclude Include="..\..\utility\color.h">
      <Filter>maxr\utility</Filter>
    </ClInclude>
    <ClInclude Include="..\..\utility\drawing.h">
      <Filter>maxr\utility</Filter>
    </ClInclude>
    <ClInclude Include="..\..\game\logic\turnclock.h">
      <Filter>maxr\game\logic</Filter>
    </ClInclude>
    <ClInclude Include="..\..\game\data\playercolor.h">
      <Filter>maxr\game\data</Filter>
    </ClInclude>
    <ClInclude Include="..\..\utility\flatset.h">
      <Filter>maxr\utility</Filter>
    </ClInclude>
    <ClInclude Include="..\..\output\sound\sounddevice.h">
      <Filter>maxr\output\sound</Filter>
    </ClInclude>
    <ClInclude Include="..\..\output\sound\soundchunk.h">
      <Filter>maxr\output\sound</Filter>
    </ClInclude>
    <ClInclude Include="..\..\output\sound\soundchannel.h">
      <Filter>maxr\output\sound</Filter>
    </ClInclude>
    <ClInclude Include="..\..\output\sound\soundchannelgroup.h">
      <Filter>maxr\output\sound</Filter>
    </ClInclude>
    <ClInclude Include="..\..\utility\random.h">
      <Filter>maxr\utility</Filter>
    </ClInclude>
    <ClInclude Include="..\..\ui\sound\soundmanager.h">
      <Filter>maxr\ui\sound</Filter>
    </ClInclude>
    <ClInclude Include="..\..\ui\sound\effects\soundeffect.h">
      <Filter>maxr\ui\sound\effects</Filter>
    </ClInclude>
    <ClInclude Include="..\..\ui\sound\effects\soundeffectvoice.h">
      <Filter>maxr\ui\sound\effects</Filter>
    </ClInclude>
    <ClInclude Include="..\..\ui\sound\effects\soundeffectunit.h">
      <Filter>maxr\ui\sound\effects</Filter>
    </ClInclude>
    <ClInclude Include="..\..\ui\sound\effects\soundeffectposition.h">
      <Filter>maxr\ui\sound\effects</Filter>
    </ClInclude>
    <ClInclude Include="..\..\ui\sound\effects\soundeffecttype.h">
      <Filter>maxr\ui\sound\effects</Filter>
    </ClInclude>
    <ClInclude Include="..\..\ui\sound\effects\soundchanneltype.h">
      <Filter>maxr\ui\sound\effects</Filter>
    </ClInclude>
    <ClInclude Include="..\..\ui\sound\effects\soundconflicthandlingtype.h">
      <Filter>maxr\ui\sound\effects</Filter>
    </ClInclude>
    <ClInclude Include="..\..\game\logic\turntimeclock.h">
      <Filter>maxr\game\logic</Filter>
    </ClInclude>
    <ClInclude Include="..\..\ui\graphical\game\widgets\turntimeclockwidget.h">
      <Filter>maxr\ui\graphical\game\widgets</Filter>
    </ClInclude>
  </ItemGroup>
</Project>